
Microsoft Visual Studio Solution File, Format Version 12.00
# Visual Studio Version 17
VisualStudioVersion = 17.3.32804.467
MinimumVisualStudioVersion = 10.0.40219.1
Project("{9A19103F-16F7-4668-BE54-9A1E7A4F7556}") = "WebApi", "MultiIdentityProvider\WebApi\WebApi.csproj", "{F157F581-1C3D-420B-BCAF-42424BC7078F}"
EndProject
Project("{9A19103F-16F7-4668-BE54-9A1E7A4F7556}") = "IdentityProvider", "MultiIdentityProvider\IdentityProvider\IdentityProvider.csproj", "{C18DA1E5-4019-4AD9-AD32-F89A6B972946}"
EndProject
Project("{2150E333-8FDC-42A3-9474-1A3956D46DE8}") = "Clients", "Clients", "{E7FCAA8E-F5A3-4DCB-8FF0-45442C1B45D8}"
EndProject
Project("{9A19103F-16F7-4668-BE54-9A1E7A4F7556}") = "RazorOpenIddictClient", "MultiIdentityProvider\RazorOpenIddictClient\RazorOpenIddictClient.csproj", "{C1F8CC2E-2106-47DA-94AB-A77DEF1DC120}"
EndProject
Project("{9A19103F-16F7-4668-BE54-9A1E7A4F7556}") = "RazorMicrosoftEntraIDClient", "MultiIdentityProvider\RazorAzureADClient\RazorMicrosoftEntraIDClient.csproj", "{6C3342E1-2FB2-4AED-BCC2-019A242A2003}"
EndProject
Project("{9A19103F-16F7-4668-BE54-9A1E7A4F7556}") = "RazorAuth0Client", "MultiIdentityProvider\RazorAuth0Client\RazorAuth0Client.csproj", "{82DAFE0F-ED1F-46D8-8B6C-158919A9CFCC}"
EndProject
Project("{2150E333-8FDC-42A3-9474-1A3956D46DE8}") = "_docs", "_docs", "{10139D91-F048-4CB8-B756-0DF7BA31B2A6}"
	ProjectSection(SolutionItems) = preProject
		.github\workflows\dotnet.yml = .github\workflows\dotnet.yml
		README.md = README.md
	EndProjectSection
EndProject
Project("{2150E333-8FDC-42A3-9474-1A3956D46DE8}") = "AadMultiApis", "AadMultiApis", "{82D16B5F-694A-47D4-8AA4-3ED277881CF4}"
EndProject
Project("{9A19103F-16F7-4668-BE54-9A1E7A4F7556}") = "MultiAADWebApi", "AadMultiApis\MultiAADWebApi\MultiAADWebApi.csproj", "{0D52B9E0-5E8F-4E01-B5A0-99DD2CADE9AD}"
EndProject
Project("{9A19103F-16F7-4668-BE54-9A1E7A4F7556}") = "TestMultiApis", "AadMultiApis\TestMultiApis\TestMultiApis.csproj", "{D00579B0-948D-4BEE-8FE3-28D93CFA4718}"
EndProject
Project("{2150E333-8FDC-42A3-9474-1A3956D46DE8}") = "MultiIdentityProvider", "MultiIdentityProvider", "{0AE612B2-6B45-478D-8F95-72329CBAB6EE}"
EndProject
Global
	GlobalSection(SolutionConfigurationPlatforms) = preSolution
		Debug|Any CPU = Debug|Any CPU
		Release|Any CPU = Release|Any CPU
	EndGlobalSection
	GlobalSection(ProjectConfigurationPlatforms) = postSolution
		{F157F581-1C3D-420B-BCAF-42424BC7078F}.Debug|Any CPU.ActiveCfg = Debug|Any CPU
		{F157F581-1C3D-420B-BCAF-42424BC7078F}.Debug|Any CPU.Build.0 = Debug|Any CPU
		{F157F581-1C3D-420B-BCAF-42424BC7078F}.Release|Any CPU.ActiveCfg = Release|Any CPU
		{F157F581-1C3D-420B-BCAF-42424BC7078F}.Release|Any CPU.Build.0 = Release|Any CPU
		{C18DA1E5-4019-4AD9-AD32-F89A6B972946}.Debug|Any CPU.ActiveCfg = Debug|Any CPU
		{C18DA1E5-4019-4AD9-AD32-F89A6B972946}.Debug|Any CPU.Build.0 = Debug|Any CPU
		{C18DA1E5-4019-4AD9-AD32-F89A6B972946}.Release|Any CPU.ActiveCfg = Release|Any CPU
		{C18DA1E5-4019-4AD9-AD32-F89A6B972946}.Release|Any CPU.Build.0 = Release|Any CPU
		{C1F8CC2E-2106-47DA-94AB-A77DEF1DC120}.Debug|Any CPU.ActiveCfg = Debug|Any CPU
		{C1F8CC2E-2106-47DA-94AB-A77DEF1DC120}.Debug|Any CPU.Build.0 = Debug|Any CPU
		{C1F8CC2E-2106-47DA-94AB-A77DEF1DC120}.Release|Any CPU.ActiveCfg = Release|Any CPU
		{C1F8CC2E-2106-47DA-94AB-A77DEF1DC120}.Release|Any CPU.Build.0 = Release|Any CPU
		{6C3342E1-2FB2-4AED-BCC2-019A242A2003}.Debug|Any CPU.ActiveCfg = Debug|Any CPU
		{6C3342E1-2FB2-4AED-BCC2-019A242A2003}.Debug|Any CPU.Build.0 = Debug|Any CPU
		{6C3342E1-2FB2-4AED-BCC2-019A242A2003}.Release|Any CPU.ActiveCfg = Release|Any CPU
		{6C3342E1-2FB2-4AED-BCC2-019A242A2003}.Release|Any CPU.Build.0 = Release|Any CPU
		{82DAFE0F-ED1F-46D8-8B6C-158919A9CFCC}.Debug|Any CPU.ActiveCfg = Debug|Any CPU
		{82DAFE0F-ED1F-46D8-8B6C-158919A9CFCC}.Debug|Any CPU.Build.0 = Debug|Any CPU
		{82DAFE0F-ED1F-46D8-8B6C-158919A9CFCC}.Release|Any CPU.ActiveCfg = Release|Any CPU
		{82DAFE0F-ED1F-46D8-8B6C-158919A9CFCC}.Release|Any CPU.Build.0 = Release|Any CPU
		{0D52B9E0-5E8F-4E01-B5A0-99DD2CADE9AD}.Debug|Any CPU.ActiveCfg = Debug|Any CPU
		{0D52B9E0-5E8F-4E01-B5A0-99DD2CADE9AD}.Debug|Any CPU.Build.0 = Debug|Any CPU
		{0D52B9E0-5E8F-4E01-B5A0-99DD2CADE9AD}.Release|Any CPU.ActiveCfg = Release|Any CPU
		{0D52B9E0-5E8F-4E01-B5A0-99DD2CADE9AD}.Release|Any CPU.Build.0 = Release|Any CPU
		{D00579B0-948D-4BEE-8FE3-28D93CFA4718}.Debug|Any CPU.ActiveCfg = Debug|Any CPU
		{D00579B0-948D-4BEE-8FE3-28D93CFA4718}.Debug|Any CPU.Build.0 = Debug|Any CPU
		{D00579B0-948D-4BEE-8FE3-28D93CFA4718}.Release|Any CPU.ActiveCfg = Release|Any CPU
		{D00579B0-948D-4BEE-8FE3-28D93CFA4718}.Release|Any CPU.Build.0 = Release|Any CPU
	EndGlobalSection
	GlobalSection(SolutionProperties) = preSolution
		HideSolutionNode = FALSE
	EndGlobalSection
	GlobalSection(NestedProjects) = preSolution
		{F157F581-1C3D-420B-BCAF-42424BC7078F} = {0AE612B2-6B45-478D-8F95-72329CBAB6EE}
		{C18DA1E5-4019-4AD9-AD32-F89A6B972946} = {0AE612B2-6B45-478D-8F95-72329CBAB6EE}
		{E7FCAA8E-F5A3-4DCB-8FF0-45442C1B45D8} = {0AE612B2-6B45-478D-8F95-72329CBAB6EE}
		{C1F8CC2E-2106-47DA-94AB-A77DEF1DC120} = {E7FCAA8E-F5A3-4DCB-8FF0-45442C1B45D8}
		{6C3342E1-2FB2-4AED-BCC2-019A242A2003} = {E7FCAA8E-F5A3-4DCB-8FF0-45442C1B45D8}
		{82DAFE0F-ED1F-46D8-8B6C-158919A9CFCC} = {E7FCAA8E-F5A3-4DCB-8FF0-45442C1B45D8}
		{0D52B9E0-5E8F-4E01-B5A0-99DD2CADE9AD} = {82D16B5F-694A-47D4-8AA4-3ED277881CF4}
		{D00579B0-948D-4BEE-8FE3-28D93CFA4718} = {82D16B5F-694A-47D4-8AA4-3ED277881CF4}
	EndGlobalSection
	GlobalSection(ExtensibilityGlobals) = postSolution
		SolutionGuid = {407B3490-E126-48D6-A91F-129781E49FEF}
	EndGlobalSection
EndGlobal
